// !$*UTF8*$!
{
	archiveVersion = 1;
	classes = {
	};
	objectVersion = 56;
	objects = {

/* Begin PBXBuildFile section */
		C6D938A72BA1106600DD6CBB /* MoonshotApp.swift in Sources */ = {isa = PBXBuildFile; fileRef = C6D938A62BA1106600DD6CBB /* MoonshotApp.swift */; };
		C6D938A92BA1106600DD6CBB /* ContentView.swift in Sources */ = {isa = PBXBuildFile; fileRef = C6D938A82BA1106600DD6CBB /* ContentView.swift */; };
		C6D938AB2BA1106700DD6CBB /* Assets.xcassets in Resources */ = {isa = PBXBuildFile; fileRef = C6D938AA2BA1106700DD6CBB /* Assets.xcassets */; };
		C6D938AE2BA1106700DD6CBB /* Preview Assets.xcassets in Resources */ = {isa = PBXBuildFile; fileRef = C6D938AD2BA1106700DD6CBB /* Preview Assets.xcassets */; };
		C6D938B52BA23E4300DD6CBB /* Astronaut.swift in Sources */ = {isa = PBXBuildFile; fileRef = C6D938B42BA23E4300DD6CBB /* Astronaut.swift */; };
		C6D938B82BA23EDC00DD6CBB /* missions.json in Resources */ = {isa = PBXBuildFile; fileRef = C6D938B62BA23EDC00DD6CBB /* missions.json */; };
		C6D938B92BA23EDC00DD6CBB /* astronauts.json in Resources */ = {isa = PBXBuildFile; fileRef = C6D938B72BA23EDC00DD6CBB /* astronauts.json */; };
		C6D938BB2BA23F6F00DD6CBB /* Bundle-Decodable.swift in Sources */ = {isa = PBXBuildFile; fileRef = C6D938BA2BA23F6F00DD6CBB /* Bundle-Decodable.swift */; };
		C6D938BD2BA243BF00DD6CBB /* Mission.swift in Sources */ = {isa = PBXBuildFile; fileRef = C6D938BC2BA243BF00DD6CBB /* Mission.swift */; };
		C6D938BF2BA2EABA00DD6CBB /* Color-Theme.swift in Sources */ = {isa = PBXBuildFile; fileRef = C6D938BE2BA2EABA00DD6CBB /* Color-Theme.swift */; };
		C6D938C12BA3972400DD6CBB /* MissionView.swift in Sources */ = {isa = PBXBuildFile; fileRef = C6D938C02BA3972400DD6CBB /* MissionView.swift */; };
		C6D938C32BA3C99900DD6CBB /* AstronautView.swift in Sources */ = {isa = PBXBuildFile; fileRef = C6D938C22BA3C99900DD6CBB /* AstronautView.swift */; };
		C6D938C52BA4E75200DD6CBB /* AstronautListView.swift in Sources */ = {isa = PBXBuildFile; fileRef = C6D938C42BA4E75200DD6CBB /* AstronautListView.swift */; };
/* End PBXBuildFile section */

/* Begin PBXFileReference section */
		C6D938A32BA1106600DD6CBB /* Moonshot.app */ = {isa = PBXFileReference; explicitFileType = wrapper.application; includeInIndex = 0; path = Moonshot.app; sourceTree = BUILT_PRODUCTS_DIR; };
		C6D938A62BA1106600DD6CBB /* MoonshotApp.swift */ = {isa = PBXFileReference; lastKnownFileType = sourcecode.swift; path = MoonshotApp.swift; sourceTree = "<group>"; };
		C6D938A82BA1106600DD6CBB /* ContentView.swift */ = {isa = PBXFileReference; lastKnownFileType = sourcecode.swift; path = ContentView.swift; sourceTree = "<group>"; };
		C6D938AA2BA1106700DD6CBB /* Assets.xcassets */ = {isa = PBXFileReference; lastKnownFileType = folder.assetcatalog; path = Assets.xcassets; sourceTree = "<group>"; };
		C6D938AD2BA1106700DD6CBB /* Preview Assets.xcassets */ = {isa = PBXFileReference; lastKnownFileType = folder.assetcatalog; path = "Preview Assets.xcassets"; sourceTree = "<group>"; };
		C6D938B42BA23E4300DD6CBB /* Astronaut.swift */ = {isa = PBXFileReference; lastKnownFileType = sourcecode.swift; path = Astronaut.swift; sourceTree = "<group>"; };
		C6D938B62BA23EDC00DD6CBB /* missions.json */ = {isa = PBXFileReference; fileEncoding = 4; lastKnownFileType = text.json; path = missions.json; sourceTree = "<group>"; };
		C6D938B72BA23EDC00DD6CBB /* astronauts.json */ = {isa = PBXFileReference; fileEncoding = 4; lastKnownFileType = text.json; path = astronauts.json; sourceTree = "<group>"; };
		C6D938BA2BA23F6F00DD6CBB /* Bundle-Decodable.swift */ = {isa = PBXFileReference; lastKnownFileType = sourcecode.swift; path = "Bundle-Decodable.swift"; sourceTree = "<group>"; };
		C6D938BC2BA243BF00DD6CBB /* Mission.swift */ = {isa = PBXFileReference; lastKnownFileType = sourcecode.swift; path = Mission.swift; sourceTree = "<group>"; };
		C6D938BE2BA2EABA00DD6CBB /* Color-Theme.swift */ = {isa = PBXFileReference; lastKnownFileType = sourcecode.swift; path = "Color-Theme.swift"; sourceTree = "<group>"; };
		C6D938C02BA3972400DD6CBB /* MissionView.swift */ = {isa = PBXFileReference; lastKnownFileType = sourcecode.swift; path = MissionView.swift; sourceTree = "<group>"; };
		C6D938C22BA3C99900DD6CBB /* AstronautView.swift */ = {isa = PBXFileReference; lastKnownFileType = sourcecode.swift; path = AstronautView.swift; sourceTree = "<group>"; };
		C6D938C42BA4E75200DD6CBB /* AstronautListView.swift */ = {isa = PBXFileReference; lastKnownFileType = sourcecode.swift; path = AstronautListView.swift; sourceTree = "<group>"; };
/* End PBXFileReference section */

/* Begin PBXFrameworksBuildPhase section */
		C6D938A02BA1106600DD6CBB /* Frameworks */ = {
			isa = PBXFrameworksBuildPhase;
			buildActionMask = 2147483647;
			files = (
			);
			runOnlyForDeploymentPostprocessing = 0;
		};
/* End PBXFrameworksBuildPhase section */

/* Begin PBXGroup section */
		C6D9389A2BA1106600DD6CBB = {
			isa = PBXGroup;
			children = (
				C6D938A52BA1106600DD6CBB /* Moonshot */,
				C6D938A42BA1106600DD6CBB /* Products */,
			);
			sourceTree = "<group>";
		};
		C6D938A42BA1106600DD6CBB /* Products */ = {
			isa = PBXGroup;
			children = (
				C6D938A32BA1106600DD6CBB /* Moonshot.app */,
			);
			name = Products;
			sourceTree = "<group>";
		};
		C6D938A52BA1106600DD6CBB /* Moonshot */ = {
			isa = PBXGroup;
			children = (
				C6D938BC2BA243BF00DD6CBB /* Mission.swift */,
				C6D938BA2BA23F6F00DD6CBB /* Bundle-Decodable.swift */,
				C6D938B42BA23E4300DD6CBB /* Astronaut.swift */,
				C6D938C42BA4E75200DD6CBB /* AstronautListView.swift */,
				C6D938C22BA3C99900DD6CBB /* AstronautView.swift */,
				C6D938A62BA1106600DD6CBB /* MoonshotApp.swift */,
				C6D938C02BA3972400DD6CBB /* MissionView.swift */,
				C6D938BE2BA2EABA00DD6CBB /* Color-Theme.swift */,
				C6D938B72BA23EDC00DD6CBB /* astronauts.json */,
				C6D938B62BA23EDC00DD6CBB /* missions.json */,
				C6D938A82BA1106600DD6CBB /* ContentView.swift */,
				C6D938AA2BA1106700DD6CBB /* Assets.xcassets */,
				C6D938AC2BA1106700DD6CBB /* Preview Content */,
			);
			path = Moonshot;
			sourceTree = "<group>";
		};
		C6D938AC2BA1106700DD6CBB /* Preview Content */ = {
			isa = PBXGroup;
			children = (
				C6D938AD2BA1106700DD6CBB /* Preview Assets.xcassets */,
			);
			path = "Preview Content";
			sourceTree = "<group>";
		};
/* End PBXGroup section */

/* Begin PBXNativeTarget section */
		C6D938A22BA1106600DD6CBB /* Moonshot */ = {
			isa = PBXNativeTarget;
			buildConfigurationList = C6D938B12BA1106700DD6CBB /* Build configuration list for PBXNativeTarget "Moonshot" */;
			buildPhases = (
				C6D9389F2BA1106600DD6CBB /* Sources */,
				C6D938A02BA1106600DD6CBB /* Frameworks */,
				C6D938A12BA1106600DD6CBB /* Resources */,
			);
			buildRules = (
			);
			dependencies = (
			);
			name = Moonshot;
			productName = Moonshot;
			productReference = C6D938A32BA1106600DD6CBB /* Moonshot.app */;
			productType = "com.apple.product-type.application";
		};
/* End PBXNativeTarget section */

/* Begin PBXProject section */
		C6D9389B2BA1106600DD6CBB /* Project object */ = {
			isa = PBXProject;
			attributes = {
				BuildIndependentTargetsInParallel = 1;
				LastSwiftUpdateCheck = 1520;
				LastUpgradeCheck = 1520;
				TargetAttributes = {
					C6D938A22BA1106600DD6CBB = {
						CreatedOnToolsVersion = 15.2;
					};
				};
			};
			buildConfigurationList = C6D9389E2BA1106600DD6CBB /* Build configuration list for PBXProject "Moonshot" */;
			compatibilityVersion = "Xcode 14.0";
			developmentRegion = en;
			hasScannedForEncodings = 0;
			knownRegions = (
				en,
				Base,
			);
			mainGroup = C6D9389A2BA1106600DD6CBB;
			productRefGroup = C6D938A42BA1106600DD6CBB /* Products */;
			projectDirPath = "";
			projectRoot = "";
			targets = (
				C6D938A22BA1106600DD6CBB /* Moonshot */,
			);
		};
/* End PBXProject section */

/* Begin PBXResourcesBuildPhase section */
		C6D938A12BA1106600DD6CBB /* Resources */ = {
			isa = PBXResourcesBuildPhase;
			buildActionMask = 2147483647;
			files = (
				C6D938AE2BA1106700DD6CBB /* Preview Assets.xcassets in Resources */,
				C6D938B82BA23EDC00DD6CBB /* missions.json in Resources */,
				C6D938AB2BA1106700DD6CBB /* Assets.xcassets in Resources */,
				C6D938B92BA23EDC00DD6CBB /* astronauts.json in Resources */,
			);
			runOnlyForDeploymentPostprocessing = 0;
		};
/* End PBXResourcesBuildPhase section */

/* Begin PBXSourcesBuildPhase section */
		C6D9389F2BA1106600DD6CBB /* Sources */ = {
			isa = PBXSourcesBuildPhase;
			buildActionMask = 2147483647;
			files = (
				C6D938C52BA4E75200DD6CBB /* AstronautListView.swift in Sources */,
				C6D938C12BA3972400DD6CBB /* MissionView.swift in Sources */,
				C6D938B52BA23E4300DD6CBB /* Astronaut.swift in Sources */,
				C6D938C32BA3C99900DD6CBB /* AstronautView.swift in Sources */,
				C6D938BF2BA2EABA00DD6CBB /* Color-Theme.swift in Sources */,
				C6D938A92BA1106600DD6CBB /* ContentView.swift in Sources */,
				C6D938A72BA1106600DD6CBB /* MoonshotApp.swift in Sources */,
				C6D938BD2BA243BF00DD6CBB /* Mission.swift in Sources */,
				C6D938BB2BA23F6F00DD6CBB /* Bundle-Decodable.swift in Sources */,
			);
			runOnlyForDeploymentPostprocessing = 0;
		};
/* End PBXSourcesBuildPhase section */

/* Begin XCBuildConfiguration section */
		C6D938AF2BA1106700DD6CBB /* Debug */ = {
			isa = XCBuildConfiguration;
			buildSettings = {
				ALWAYS_SEARCH_USER_PATHS = NO;
				ASSETCATALOG_COMPILER_GENERATE_SWIFT_ASSET_SYMBOL_EXTENSIONS = YES;
				CLANG_ANALYZER_NONNULL = YES;
				CLANG_ANALYZER_NUMBER_OBJECT_CONVERSION = YES_AGGRESSIVE;
				CLANG_CXX_LANGUAGE_STANDARD = "gnu++20";
				CLANG_ENABLE_MODULES = YES;
				CLANG_ENABLE_OBJC_ARC = YES;
				CLANG_ENABLE_OBJC_WEAK = YES;
				CLANG_WARN_BLOCK_CAPTURE_AUTORELEASING = YES;
				CLANG_WARN_BOOL_CONVERSION = YES;
				CLANG_WARN_COMMA = YES;
				CLANG_WARN_CONSTANT_CONVERSION = YES;
				CLANG_WARN_DEPRECATED_OBJC_IMPLEMENTATIONS = YES;
				CLANG_WARN_DIRECT_OBJC_ISA_USAGE = YES_ERROR;
				CLANG_WARN_DOCUMENTATION_COMMENTS = YES;
				CLANG_WARN_EMPTY_BODY = YES;
				CLANG_WARN_ENUM_CONVERSION = YES;
				CLANG_WARN_INFINITE_RECURSION = YES;
				CLANG_WARN_INT_CONVERSION = YES;
				CLANG_WARN_NON_LITERAL_NULL_CONVERSION = YES;
				CLANG_WARN_OBJC_IMPLICIT_RETAIN_SELF = YES;
				CLANG_WARN_OBJC_LITERAL_CONVERSION = YES;
				CLANG_WARN_OBJC_ROOT_CLASS = YES_ERROR;
				CLANG_WARN_QUOTED_INCLUDE_IN_FRAMEWORK_HEADER = YES;
				CLANG_WARN_RANGE_LOOP_ANALYSIS = YES;
				CLANG_WARN_STRICT_PROTOTYPES = YES;
				CLANG_WARN_SUSPICIOUS_MOVE = YES;
				CLANG_WARN_UNGUARDED_AVAILABILITY = YES_AGGRESSIVE;
				CLANG_WARN_UNREACHABLE_CODE = YES;
				CLANG_WARN__DUPLICATE_METHOD_MATCH = YES;
				COPY_PHASE_STRIP = NO;
				DEBUG_INFORMATION_FORMAT = dwarf;
				ENABLE_STRICT_OBJC_MSGSEND = YES;
				ENABLE_TESTABILITY = YES;
				ENABLE_USER_SCRIPT_SANDBOXING = YES;
				GCC_C_LANGUAGE_STANDARD = gnu17;
				GCC_DYNAMIC_NO_PIC = NO;
				GCC_NO_COMMON_BLOCKS = YES;
				GCC_OPTIMIZATION_LEVEL = 0;
				GCC_PREPROCESSOR_DEFINITIONS = (
					"DEBUG=1",
					"$(inherited)",
				);
				GCC_WARN_64_TO_32_BIT_CONVERSION = YES;
				GCC_WARN_ABOUT_RETURN_TYPE = YES_ERROR;
				GCC_WARN_UNDECLARED_SELECTOR = YES;
				GCC_WARN_UNINITIALIZED_AUTOS = YES_AGGRESSIVE;
				GCC_WARN_UNUSED_FUNCTION = YES;
				GCC_WARN_UNUSED_VARIABLE = YES;
				IPHONEOS_DEPLOYMENT_TARGET = 17.2;
				LOCALIZATION_PREFERS_STRING_CATALOGS = YES;
				MTL_ENABLE_DEBUG_INFO = INCLUDE_SOURCE;
				MTL_FAST_MATH = YES;
				ONLY_ACTIVE_ARCH = YES;
				SDKROOT = iphoneos;
				SWIFT_ACTIVE_COMPILATION_CONDITIONS = "DEBUG $(inherited)";
				SWIFT_OPTIMIZATION_LEVEL = "-Onone";
			};
			name = Debug;
		};
		C6D938B02BA1106700DD6CBB /* Release */ = {
			isa = XCBuildConfiguration;
			buildSettings = {
				ALWAYS_SEARCH_USER_PATHS = NO;
				ASSETCATALOG_COMPILER_GENERATE_SWIFT_ASSET_SYMBOL_EXTENSIONS = YES;
				CLANG_ANALYZER_NONNULL = YES;
				CLANG_ANALYZER_NUMBER_OBJECT_CONVERSION = YES_AGGRESSIVE;
				CLANG_CXX_LANGUAGE_STANDARD = "gnu++20";
				CLANG_ENABLE_MODULES = YES;
				CLANG_ENABLE_OBJC_ARC = YES;
				CLANG_ENABLE_OBJC_WEAK = YES;
				CLANG_WARN_BLOCK_CAPTURE_AUTORELEASING = YES;
				CLANG_WARN_BOOL_CONVERSION = YES;
				CLANG_WARN_COMMA = YES;
				CLANG_WARN_CONSTANT_CONVERSION = YES;
				CLANG_WARN_DEPRECATED_OBJC_IMPLEMENTATIONS = YES;
				CLANG_WARN_DIRECT_OBJC_ISA_USAGE = YES_ERROR;
				CLANG_WARN_DOCUMENTATION_COMMENTS = YES;
				CLANG_WARN_EMPTY_BODY = YES;
				CLANG_WARN_ENUM_CONVERSION = YES;
				CLANG_WARN_INFINITE_RECURSION = YES;
				CLANG_WARN_INT_CONVERSION = YES;
				CLANG_WARN_NON_LITERAL_NULL_CONVERSION = YES;
				CLANG_WARN_OBJC_IMPLICIT_RETAIN_SELF = YES;
				CLANG_WARN_OBJC_LITERAL_CONVERSION = YES;
				CLANG_WARN_OBJC_ROOT_CLASS = YES_ERROR;
				CLANG_WARN_QUOTED_INCLUDE_IN_FRAMEWORK_HEADER = YES;
				CLANG_WARN_RANGE_LOOP_ANALYSIS = YES;
				CLANG_WARN_STRICT_PROTOTYPES = YES;
				CLANG_WARN_SUSPICIOUS_MOVE = YES;
				CLANG_WARN_UNGUARDED_AVAILABILITY = YES_AGGRESSIVE;
				CLANG_WARN_UNREACHABLE_CODE = YES;
				CLANG_WARN__DUPLICATE_METHOD_MATCH = YES;
				COPY_PHASE_STRIP = NO;
				DEBUG_INFORMATION_FORMAT = "dwarf-with-dsym";
				ENABLE_NS_ASSERTIONS = NO;
				ENABLE_STRICT_OBJC_MSGSEND = YES;
				ENABLE_USER_SCRIPT_SANDBOXING = YES;
				GCC_C_LANGUAGE_STANDARD = gnu17;
				GCC_NO_COMMON_BLOCKS = YES;
				GCC_WARN_64_TO_32_BIT_CONVERSION = YES;
				GCC_WARN_ABOUT_RETURN_TYPE = YES_ERROR;
				GCC_WARN_UNDECLARED_SELECTOR = YES;
				GCC_WARN_UNINITIALIZED_AUTOS = YES_AGGRESSIVE;
				GCC_WARN_UNUSED_FUNCTION = YES;
				GCC_WARN_UNUSED_VARIABLE = YES;
				IPHONEOS_DEPLOYMENT_TARGET = 17.2;
				LOCALIZATION_PREFERS_STRING_CATALOGS = YES;
				MTL_ENABLE_DEBUG_INFO = NO;
				MTL_FAST_MATH = YES;
				SDKROOT = iphoneos;
				SWIFT_COMPILATION_MODE = wholemodule;
				VALIDATE_PRODUCT = YES;
			};
			name = Release;
		};
		C6D938B22BA1106700DD6CBB /* Debug */ = {
			isa = XCBuildConfiguration;
			buildSettings = {
				ASSETCATALOG_COMPILER_APPICON_NAME = AppIcon;
				ASSETCATALOG_COMPILER_GLOBAL_ACCENT_COLOR_NAME = AccentColor;
				CODE_SIGN_STYLE = Automatic;
				CURRENT_PROJECT_VERSION = 1;
				DEVELOPMENT_ASSET_PATHS = "\"Moonshot/Preview Content\"";
				DEVELOPMENT_TEAM = NVW7DKCVVT;
				ENABLE_PREVIEWS = YES;
				GENERATE_INFOPLIST_FILE = YES;
				INFOPLIST_KEY_UIApplicationSceneManifest_Generation = YES;
				INFOPLIST_KEY_UIApplicationSupportsIndirectInputEvents = YES;
				INFOPLIST_KEY_UILaunchScreen_Generation = YES;
				INFOPLIST_KEY_UISupportedInterfaceOrientations_iPad = "UIInterfaceOrientationPortrait UIInterfaceOrientationPortraitUpsideDown UIInterfaceOrientationLandscapeLeft UIInterfaceOrientationLandscapeRight";
				INFOPLIST_KEY_UISupportedInterfaceOrientations_iPhone = "UIInterfaceOrientationPortrait UIInterfaceOrientationLandscapeLeft UIInterfaceOrientationLandscapeRight";
				LD_RUNPATH_SEARCH_PATHS = (
					"$(inherited)",
					"@executable_path/Frameworks",
				);
				MARKETING_VERSION = 1.0;
				PRODUCT_BUNDLE_IDENTIFIER = name.ckroot.Moonshot;
				PRODUCT_NAME = "$(TARGET_NAME)";
				SWIFT_EMIT_LOC_STRINGS = YES;
				SWIFT_VERSION = 5.0;
				TARGETED_DEVICE_FAMILY = "1,2";
			};
			name = Debug;
		};
		C6D938B32BA1106700DD6CBB /* Release */ = {
			isa = XCBuildConfiguration;
			buildSettings = {
				ASSETCATALOG_COMPILER_APPICON_NAME = AppIcon;
				ASSETCATALOG_COMPILER_GLOBAL_ACCENT_COLOR_NAME = AccentColor;
				CODE_SIGN_STYLE = Automatic;
				CURRENT_PROJECT_VERSION = 1;
				DEVELOPMENT_ASSET_PATHS = "\"Moonshot/Preview Content\"";
				DEVELOPMENT_TEAM = NVW7DKCVVT;
				ENABLE_PREVIEWS = YES;
				GENERATE_INFOPLIST_FILE = YES;
				INFOPLIST_KEY_UIApplicationSceneManifest_Generation = YES;
				INFOPLIST_KEY_UIApplicationSupportsIndirectInputEvents = YES;
				INFOPLIST_KEY_UILaunchScreen_Generation = YES;
				INFOPLIST_KEY_UISupportedInterfaceOrientations_iPad = "UIInterfaceOrientationPortrait UIInterfaceOrientationPortraitUpsideDown UIInterfaceOrientationLandscapeLeft UIInterfaceOrientationLandscapeRight";
				INFOPLIST_KEY_UISupportedInterfaceOrientations_iPhone = "UIInterfaceOrientationPortrait UIInterfaceOrientationLandscapeLeft UIInterfaceOrientationLandscapeRight";
				LD_RUNPATH_SEARCH_PATHS = (
					"$(inherited)",
					"@executable_path/Frameworks",
				);
				MARKETING_VERSION = 1.0;
				PRODUCT_BUNDLE_IDENTIFIER = name.ckroot.Moonshot;
				PRODUCT_NAME = "$(TARGET_NAME)";
				SWIFT_EMIT_LOC_STRINGS = YES;
				SWIFT_VERSION = 5.0;
				TARGETED_DEVICE_FAMILY = "1,2";
			};
			name = Release;
		};
/* End XCBuildConfiguration section */

/* Begin XCConfigurationList section */
		C6D9389E2BA1106600DD6CBB /* Build configuration list for PBXProject "Moonshot" */ = {
			isa = XCConfigurationList;
			buildConfigurations = (
				C6D938AF2BA1106700DD6CBB /* Debug */,
				C6D938B02BA1106700DD6CBB /* Release */,
			);
			defaultConfigurationIsVisible = 0;
			defaultConfigurationName = Release;
		};
		C6D938B12BA1106700DD6CBB /* Build configuration list for PBXNativeTarget "Moonshot" */ = {
			isa = XCConfigurationList;
			buildConfigurations = (
				C6D938B22BA1106700DD6CBB /* Debug */,
				C6D938B32BA1106700DD6CBB /* Release */,
			);
			defaultConfigurationIsVisible = 0;
			defaultConfigurationName = Release;
		};
/* End XCConfigurationList section */
	};
	rootObject = C6D9389B2BA1106600DD6CBB /* Project object */;
}
