// !$*UTF8*$!
{
	archiveVersion = 1;
	classes = {
	};
	objectVersion = 56;
	objects = {

/* Begin PBXBuildFile section */
		C67764372B779686008C9D33 /* MapView.swift in Sources */ = {isa = PBXBuildFile; fileRef = C67764362B779685008C9D33 /* MapView.swift */; };
		C6922B752B76E29100EBA8CD /* LandmarksApp.swift in Sources */ = {isa = PBXBuildFile; fileRef = C6922B742B76E29100EBA8CD /* LandmarksApp.swift */; };
		C6922B772B76E29100EBA8CD /* ContentView.swift in Sources */ = {isa = PBXBuildFile; fileRef = C6922B762B76E29100EBA8CD /* ContentView.swift */; };
		C6922B792B76E29200EBA8CD /* Assets.xcassets in Resources */ = {isa = PBXBuildFile; fileRef = C6922B782B76E29200EBA8CD /* Assets.xcassets */; };
		C6922B7C2B76E29200EBA8CD /* Preview Assets.xcassets in Resources */ = {isa = PBXBuildFile; fileRef = C6922B7B2B76E29200EBA8CD /* Preview Assets.xcassets */; };
		C6922B832B77673200EBA8CD /* CircleImage.swift in Sources */ = {isa = PBXBuildFile; fileRef = C6922B822B77673200EBA8CD /* CircleImage.swift */; };
		C6A9CCDA2B80DE0000308DDE /* landmarkData.json in Resources */ = {isa = PBXBuildFile; fileRef = C6A9CCD92B80DE0000308DDE /* landmarkData.json */; };
		C6A9CCDC2B80DE6400308DDE /* Landmark.swift in Sources */ = {isa = PBXBuildFile; fileRef = C6A9CCDB2B80DE6400308DDE /* Landmark.swift */; };
		C6A9CCDE2B80F33D00308DDE /* ModelData.swift in Sources */ = {isa = PBXBuildFile; fileRef = C6A9CCDD2B80F33D00308DDE /* ModelData.swift */; };
		C6A9CCE22B80FA6400308DDE /* LandmarkRow.swift in Sources */ = {isa = PBXBuildFile; fileRef = C6A9CCE12B80FA6400308DDE /* LandmarkRow.swift */; };
		C6A9CCE42B81005100308DDE /* LandmarkList.swift in Sources */ = {isa = PBXBuildFile; fileRef = C6A9CCE32B81005100308DDE /* LandmarkList.swift */; };
		C6A9CCE62B810C8000308DDE /* LandmarkDetail.swift in Sources */ = {isa = PBXBuildFile; fileRef = C6A9CCE52B810C8000308DDE /* LandmarkDetail.swift */; };
/* End PBXBuildFile section */

/* Begin PBXFileReference section */
		C67764362B779685008C9D33 /* MapView.swift */ = {isa = PBXFileReference; lastKnownFileType = sourcecode.swift; path = MapView.swift; sourceTree = "<group>"; };
		C6922B712B76E29100EBA8CD /* Landmarks.app */ = {isa = PBXFileReference; explicitFileType = wrapper.application; includeInIndex = 0; path = Landmarks.app; sourceTree = BUILT_PRODUCTS_DIR; };
		C6922B742B76E29100EBA8CD /* LandmarksApp.swift */ = {isa = PBXFileReference; lastKnownFileType = sourcecode.swift; path = LandmarksApp.swift; sourceTree = "<group>"; };
		C6922B762B76E29100EBA8CD /* ContentView.swift */ = {isa = PBXFileReference; lastKnownFileType = sourcecode.swift; path = ContentView.swift; sourceTree = "<group>"; };
		C6922B782B76E29200EBA8CD /* Assets.xcassets */ = {isa = PBXFileReference; lastKnownFileType = folder.assetcatalog; path = Assets.xcassets; sourceTree = "<group>"; };
		C6922B7B2B76E29200EBA8CD /* Preview Assets.xcassets */ = {isa = PBXFileReference; lastKnownFileType = folder.assetcatalog; path = "Preview Assets.xcassets"; sourceTree = "<group>"; };
		C6922B822B77673200EBA8CD /* CircleImage.swift */ = {isa = PBXFileReference; fileEncoding = 4; lastKnownFileType = sourcecode.swift; path = CircleImage.swift; sourceTree = "<group>"; };
		C6A9CCD92B80DE0000308DDE /* landmarkData.json */ = {isa = PBXFileReference; fileEncoding = 4; lastKnownFileType = text.json; path = landmarkData.json; sourceTree = "<group>"; };
		C6A9CCDB2B80DE6400308DDE /* Landmark.swift */ = {isa = PBXFileReference; lastKnownFileType = sourcecode.swift; path = Landmark.swift; sourceTree = "<group>"; };
		C6A9CCDD2B80F33D00308DDE /* ModelData.swift */ = {isa = PBXFileReference; lastKnownFileType = sourcecode.swift; path = ModelData.swift; sourceTree = "<group>"; };
		C6A9CCE12B80FA6400308DDE /* LandmarkRow.swift */ = {isa = PBXFileReference; lastKnownFileType = sourcecode.swift; path = LandmarkRow.swift; sourceTree = "<group>"; };
		C6A9CCE32B81005100308DDE /* LandmarkList.swift */ = {isa = PBXFileReference; lastKnownFileType = sourcecode.swift; path = LandmarkList.swift; sourceTree = "<group>"; };
		C6A9CCE52B810C8000308DDE /* LandmarkDetail.swift */ = {isa = PBXFileReference; lastKnownFileType = sourcecode.swift; path = LandmarkDetail.swift; sourceTree = "<group>"; };
/* End PBXFileReference section */

/* Begin PBXFrameworksBuildPhase section */
		C6922B6E2B76E29100EBA8CD /* Frameworks */ = {
			isa = PBXFrameworksBuildPhase;
			buildActionMask = 2147483647;
			files = (
			);
			runOnlyForDeploymentPostprocessing = 0;
		};
/* End PBXFrameworksBuildPhase section */

/* Begin PBXGroup section */
		C6922B682B76E29100EBA8CD = {
			isa = PBXGroup;
			children = (
				C6922B732B76E29100EBA8CD /* Landmarks */,
				C6922B722B76E29100EBA8CD /* Products */,
			);
			sourceTree = "<group>";
		};
		C6922B722B76E29100EBA8CD /* Products */ = {
			isa = PBXGroup;
			children = (
				C6922B712B76E29100EBA8CD /* Landmarks.app */,
			);
			name = Products;
			sourceTree = "<group>";
		};
		C6922B732B76E29100EBA8CD /* Landmarks */ = {
			isa = PBXGroup;
			children = (
				C6A9CCE02B80F3E200308DDE /* Model */,
				C6A9CCDF2B80F3D300308DDE /* Views */,
				C6A9CCD82B80DDC000308DDE /* Resources */,
				C6922B742B76E29100EBA8CD /* LandmarksApp.swift */,
				C6922B782B76E29200EBA8CD /* Assets.xcassets */,
				C6922B7A2B76E29200EBA8CD /* Preview Content */,
			);
			path = Landmarks;
			sourceTree = "<group>";
		};
		C6922B7A2B76E29200EBA8CD /* Preview Content */ = {
			isa = PBXGroup;
			children = (
				C6922B7B2B76E29200EBA8CD /* Preview Assets.xcassets */,
			);
			path = "Preview Content";
			sourceTree = "<group>";
		};
		C6A9CCD82B80DDC000308DDE /* Resources */ = {
			isa = PBXGroup;
			children = (
				C6A9CCD92B80DE0000308DDE /* landmarkData.json */,
			);
			path = Resources;
			sourceTree = "<group>";
		};
		C6A9CCDF2B80F3D300308DDE /* Views */ = {
			isa = PBXGroup;
			children = (
				C6922B762B76E29100EBA8CD /* ContentView.swift */,
				C67764362B779685008C9D33 /* MapView.swift */,
				C6922B822B77673200EBA8CD /* CircleImage.swift */,
				C6A9CCE12B80FA6400308DDE /* LandmarkRow.swift */,
				C6A9CCE32B81005100308DDE /* LandmarkList.swift */,
				C6A9CCE52B810C8000308DDE /* LandmarkDetail.swift */,
			);
			path = Views;
			sourceTree = "<group>";
		};
		C6A9CCE02B80F3E200308DDE /* Model */ = {
			isa = PBXGroup;
			children = (
				C6A9CCDD2B80F33D00308DDE /* ModelData.swift */,
				C6A9CCDB2B80DE6400308DDE /* Landmark.swift */,
			);
			path = Model;
			sourceTree = "<group>";
		};
/* End PBXGroup section */

/* Begin PBXNativeTarget section */
		C6922B702B76E29100EBA8CD /* Landmarks */ = {
			isa = PBXNativeTarget;
			buildConfigurationList = C6922B7F2B76E29200EBA8CD /* Build configuration list for PBXNativeTarget "Landmarks" */;
			buildPhases = (
				C6922B6D2B76E29100EBA8CD /* Sources */,
				C6922B6E2B76E29100EBA8CD /* Frameworks */,
				C6922B6F2B76E29100EBA8CD /* Resources */,
			);
			buildRules = (
			);
			dependencies = (
			);
			name = Landmarks;
			productName = Landmarks;
			productReference = C6922B712B76E29100EBA8CD /* Landmarks.app */;
			productType = "com.apple.product-type.application";
		};
/* End PBXNativeTarget section */

/* Begin PBXProject section */
		C6922B692B76E29100EBA8CD /* Project object */ = {
			isa = PBXProject;
			attributes = {
				BuildIndependentTargetsInParallel = 1;
				LastSwiftUpdateCheck = 1520;
				LastUpgradeCheck = 1520;
				TargetAttributes = {
					C6922B702B76E29100EBA8CD = {
						CreatedOnToolsVersion = 15.2;
					};
				};
			};
			buildConfigurationList = C6922B6C2B76E29100EBA8CD /* Build configuration list for PBXProject "Landmarks" */;
			compatibilityVersion = "Xcode 14.0";
			developmentRegion = en;
			hasScannedForEncodings = 0;
			knownRegions = (
				en,
				Base,
			);
			mainGroup = C6922B682B76E29100EBA8CD;
			productRefGroup = C6922B722B76E29100EBA8CD /* Products */;
			projectDirPath = "";
			projectRoot = "";
			targets = (
				C6922B702B76E29100EBA8CD /* Landmarks */,
			);
		};
/* End PBXProject section */

/* Begin PBXResourcesBuildPhase section */
		C6922B6F2B76E29100EBA8CD /* Resources */ = {
			isa = PBXResourcesBuildPhase;
			buildActionMask = 2147483647;
			files = (
				C6922B7C2B76E29200EBA8CD /* Preview Assets.xcassets in Resources */,
				C6922B792B76E29200EBA8CD /* Assets.xcassets in Resources */,
				C6A9CCDA2B80DE0000308DDE /* landmarkData.json in Resources */,
			);
			runOnlyForDeploymentPostprocessing = 0;
		};
/* End PBXResourcesBuildPhase section */

/* Begin PBXSourcesBuildPhase section */
		C6922B6D2B76E29100EBA8CD /* Sources */ = {
			isa = PBXSourcesBuildPhase;
			buildActionMask = 2147483647;
			files = (
				C6922B772B76E29100EBA8CD /* ContentView.swift in Sources */,
				C67764372B779686008C9D33 /* MapView.swift in Sources */,
				C6922B752B76E29100EBA8CD /* LandmarksApp.swift in Sources */,
				C6A9CCE42B81005100308DDE /* LandmarkList.swift in Sources */,
				C6A9CCE62B810C8000308DDE /* LandmarkDetail.swift in Sources */,
				C6922B832B77673200EBA8CD /* CircleImage.swift in Sources */,
				C6A9CCDC2B80DE6400308DDE /* Landmark.swift in Sources */,
				C6A9CCE22B80FA6400308DDE /* LandmarkRow.swift in Sources */,
				C6A9CCDE2B80F33D00308DDE /* ModelData.swift in Sources */,
			);
			runOnlyForDeploymentPostprocessing = 0;
		};
/* End PBXSourcesBuildPhase section */

/* Begin XCBuildConfiguration section */
		C6922B7D2B76E29200EBA8CD /* Debug */ = {
			isa = XCBuildConfiguration;
			buildSettings = {
				ALWAYS_SEARCH_USER_PATHS = NO;
				ASSETCATALOG_COMPILER_GENERATE_SWIFT_ASSET_SYMBOL_EXTENSIONS = YES;
				CLANG_ANALYZER_NONNULL = YES;
				CLANG_ANALYZER_NUMBER_OBJECT_CONVERSION = YES_AGGRESSIVE;
				CLANG_CXX_LANGUAGE_STANDARD = "gnu++20";
				CLANG_ENABLE_MODULES = YES;
				CLANG_ENABLE_OBJC_ARC = YES;
				CLANG_ENABLE_OBJC_WEAK = YES;
				CLANG_WARN_BLOCK_CAPTURE_AUTORELEASING = YES;
				CLANG_WARN_BOOL_CONVERSION = YES;
				CLANG_WARN_COMMA = YES;
				CLANG_WARN_CONSTANT_CONVERSION = YES;
				CLANG_WARN_DEPRECATED_OBJC_IMPLEMENTATIONS = YES;
				CLANG_WARN_DIRECT_OBJC_ISA_USAGE = YES_ERROR;
				CLANG_WARN_DOCUMENTATION_COMMENTS = YES;
				CLANG_WARN_EMPTY_BODY = YES;
				CLANG_WARN_ENUM_CONVERSION = YES;
				CLANG_WARN_INFINITE_RECURSION = YES;
				CLANG_WARN_INT_CONVERSION = YES;
				CLANG_WARN_NON_LITERAL_NULL_CONVERSION = YES;
				CLANG_WARN_OBJC_IMPLICIT_RETAIN_SELF = YES;
				CLANG_WARN_OBJC_LITERAL_CONVERSION = YES;
				CLANG_WARN_OBJC_ROOT_CLASS = YES_ERROR;
				CLANG_WARN_QUOTED_INCLUDE_IN_FRAMEWORK_HEADER = YES;
				CLANG_WARN_RANGE_LOOP_ANALYSIS = YES;
				CLANG_WARN_STRICT_PROTOTYPES = YES;
				CLANG_WARN_SUSPICIOUS_MOVE = YES;
				CLANG_WARN_UNGUARDED_AVAILABILITY = YES_AGGRESSIVE;
				CLANG_WARN_UNREACHABLE_CODE = YES;
				CLANG_WARN__DUPLICATE_METHOD_MATCH = YES;
				COPY_PHASE_STRIP = NO;
				DEBUG_INFORMATION_FORMAT = dwarf;
				ENABLE_STRICT_OBJC_MSGSEND = YES;
				ENABLE_TESTABILITY = YES;
				ENABLE_USER_SCRIPT_SANDBOXING = YES;
				GCC_C_LANGUAGE_STANDARD = gnu17;
				GCC_DYNAMIC_NO_PIC = NO;
				GCC_NO_COMMON_BLOCKS = YES;
				GCC_OPTIMIZATION_LEVEL = 0;
				GCC_PREPROCESSOR_DEFINITIONS = (
					"DEBUG=1",
					"$(inherited)",
				);
				GCC_WARN_64_TO_32_BIT_CONVERSION = YES;
				GCC_WARN_ABOUT_RETURN_TYPE = YES_ERROR;
				GCC_WARN_UNDECLARED_SELECTOR = YES;
				GCC_WARN_UNINITIALIZED_AUTOS = YES_AGGRESSIVE;
				GCC_WARN_UNUSED_FUNCTION = YES;
				GCC_WARN_UNUSED_VARIABLE = YES;
				IPHONEOS_DEPLOYMENT_TARGET = 17.2;
				LOCALIZATION_PREFERS_STRING_CATALOGS = YES;
				MTL_ENABLE_DEBUG_INFO = INCLUDE_SOURCE;
				MTL_FAST_MATH = YES;
				ONLY_ACTIVE_ARCH = YES;
				SDKROOT = iphoneos;
				SWIFT_ACTIVE_COMPILATION_CONDITIONS = "DEBUG $(inherited)";
				SWIFT_OPTIMIZATION_LEVEL = "-Onone";
			};
			name = Debug;
		};
		C6922B7E2B76E29200EBA8CD /* Release */ = {
			isa = XCBuildConfiguration;
			buildSettings = {
				ALWAYS_SEARCH_USER_PATHS = NO;
				ASSETCATALOG_COMPILER_GENERATE_SWIFT_ASSET_SYMBOL_EXTENSIONS = YES;
				CLANG_ANALYZER_NONNULL = YES;
				CLANG_ANALYZER_NUMBER_OBJECT_CONVERSION = YES_AGGRESSIVE;
				CLANG_CXX_LANGUAGE_STANDARD = "gnu++20";
				CLANG_ENABLE_MODULES = YES;
				CLANG_ENABLE_OBJC_ARC = YES;
				CLANG_ENABLE_OBJC_WEAK = YES;
				CLANG_WARN_BLOCK_CAPTURE_AUTORELEASING = YES;
				CLANG_WARN_BOOL_CONVERSION = YES;
				CLANG_WARN_COMMA = YES;
				CLANG_WARN_CONSTANT_CONVERSION = YES;
				CLANG_WARN_DEPRECATED_OBJC_IMPLEMENTATIONS = YES;
				CLANG_WARN_DIRECT_OBJC_ISA_USAGE = YES_ERROR;
				CLANG_WARN_DOCUMENTATION_COMMENTS = YES;
				CLANG_WARN_EMPTY_BODY = YES;
				CLANG_WARN_ENUM_CONVERSION = YES;
				CLANG_WARN_INFINITE_RECURSION = YES;
				CLANG_WARN_INT_CONVERSION = YES;
				CLANG_WARN_NON_LITERAL_NULL_CONVERSION = YES;
				CLANG_WARN_OBJC_IMPLICIT_RETAIN_SELF = YES;
				CLANG_WARN_OBJC_LITERAL_CONVERSION = YES;
				CLANG_WARN_OBJC_ROOT_CLASS = YES_ERROR;
				CLANG_WARN_QUOTED_INCLUDE_IN_FRAMEWORK_HEADER = YES;
				CLANG_WARN_RANGE_LOOP_ANALYSIS = YES;
				CLANG_WARN_STRICT_PROTOTYPES = YES;
				CLANG_WARN_SUSPICIOUS_MOVE = YES;
				CLANG_WARN_UNGUARDED_AVAILABILITY = YES_AGGRESSIVE;
				CLANG_WARN_UNREACHABLE_CODE = YES;
				CLANG_WARN__DUPLICATE_METHOD_MATCH = YES;
				COPY_PHASE_STRIP = NO;
				DEBUG_INFORMATION_FORMAT = "dwarf-with-dsym";
				ENABLE_NS_ASSERTIONS = NO;
				ENABLE_STRICT_OBJC_MSGSEND = YES;
				ENABLE_USER_SCRIPT_SANDBOXING = YES;
				GCC_C_LANGUAGE_STANDARD = gnu17;
				GCC_NO_COMMON_BLOCKS = YES;
				GCC_WARN_64_TO_32_BIT_CONVERSION = YES;
				GCC_WARN_ABOUT_RETURN_TYPE = YES_ERROR;
				GCC_WARN_UNDECLARED_SELECTOR = YES;
				GCC_WARN_UNINITIALIZED_AUTOS = YES_AGGRESSIVE;
				GCC_WARN_UNUSED_FUNCTION = YES;
				GCC_WARN_UNUSED_VARIABLE = YES;
				IPHONEOS_DEPLOYMENT_TARGET = 17.2;
				LOCALIZATION_PREFERS_STRING_CATALOGS = YES;
				MTL_ENABLE_DEBUG_INFO = NO;
				MTL_FAST_MATH = YES;
				SDKROOT = iphoneos;
				SWIFT_COMPILATION_MODE = wholemodule;
				VALIDATE_PRODUCT = YES;
			};
			name = Release;
		};
		C6922B802B76E29200EBA8CD /* Debug */ = {
			isa = XCBuildConfiguration;
			buildSettings = {
				ASSETCATALOG_COMPILER_APPICON_NAME = AppIcon;
				ASSETCATALOG_COMPILER_GLOBAL_ACCENT_COLOR_NAME = AccentColor;
				CODE_SIGN_STYLE = Automatic;
				CURRENT_PROJECT_VERSION = 1;
				DEVELOPMENT_ASSET_PATHS = "\"Landmarks/Preview Content\"";
				DEVELOPMENT_TEAM = NVW7DKCVVT;
				ENABLE_PREVIEWS = YES;
				GENERATE_INFOPLIST_FILE = YES;
				INFOPLIST_KEY_UIApplicationSceneManifest_Generation = YES;
				INFOPLIST_KEY_UIApplicationSupportsIndirectInputEvents = YES;
				INFOPLIST_KEY_UILaunchScreen_Generation = YES;
				INFOPLIST_KEY_UISupportedInterfaceOrientations_iPad = "UIInterfaceOrientationPortrait UIInterfaceOrientationPortraitUpsideDown UIInterfaceOrientationLandscapeLeft UIInterfaceOrientationLandscapeRight";
				INFOPLIST_KEY_UISupportedInterfaceOrientations_iPhone = "UIInterfaceOrientationPortrait UIInterfaceOrientationLandscapeLeft UIInterfaceOrientationLandscapeRight";
				LD_RUNPATH_SEARCH_PATHS = (
					"$(inherited)",
					"@executable_path/Frameworks",
				);
				MARKETING_VERSION = 1.0;
				PRODUCT_BUNDLE_IDENTIFIER = name.ckroot.Landmarks;
				PRODUCT_NAME = "$(TARGET_NAME)";
				SWIFT_EMIT_LOC_STRINGS = YES;
				SWIFT_VERSION = 5.0;
				TARGETED_DEVICE_FAMILY = "1,2";
			};
			name = Debug;
		};
		C6922B812B76E29200EBA8CD /* Release */ = {
			isa = XCBuildConfiguration;
			buildSettings = {
				ASSETCATALOG_COMPILER_APPICON_NAME = AppIcon;
				ASSETCATALOG_COMPILER_GLOBAL_ACCENT_COLOR_NAME = AccentColor;
				CODE_SIGN_STYLE = Automatic;
				CURRENT_PROJECT_VERSION = 1;
				DEVELOPMENT_ASSET_PATHS = "\"Landmarks/Preview Content\"";
				DEVELOPMENT_TEAM = NVW7DKCVVT;
				ENABLE_PREVIEWS = YES;
				GENERATE_INFOPLIST_FILE = YES;
				INFOPLIST_KEY_UIApplicationSceneManifest_Generation = YES;
				INFOPLIST_KEY_UIApplicationSupportsIndirectInputEvents = YES;
				INFOPLIST_KEY_UILaunchScreen_Generation = YES;
				INFOPLIST_KEY_UISupportedInterfaceOrientations_iPad = "UIInterfaceOrientationPortrait UIInterfaceOrientationPortraitUpsideDown UIInterfaceOrientationLandscapeLeft UIInterfaceOrientationLandscapeRight";
				INFOPLIST_KEY_UISupportedInterfaceOrientations_iPhone = "UIInterfaceOrientationPortrait UIInterfaceOrientationLandscapeLeft UIInterfaceOrientationLandscapeRight";
				LD_RUNPATH_SEARCH_PATHS = (
					"$(inherited)",
					"@executable_path/Frameworks",
				);
				MARKETING_VERSION = 1.0;
				PRODUCT_BUNDLE_IDENTIFIER = name.ckroot.Landmarks;
				PRODUCT_NAME = "$(TARGET_NAME)";
				SWIFT_EMIT_LOC_STRINGS = YES;
				SWIFT_VERSION = 5.0;
				TARGETED_DEVICE_FAMILY = "1,2";
			};
			name = Release;
		};
/* End XCBuildConfiguration section */

/* Begin XCConfigurationList section */
		C6922B6C2B76E29100EBA8CD /* Build configuration list for PBXProject "Landmarks" */ = {
			isa = XCConfigurationList;
			buildConfigurations = (
				C6922B7D2B76E29200EBA8CD /* Debug */,
				C6922B7E2B76E29200EBA8CD /* Release */,
			);
			defaultConfigurationIsVisible = 0;
			defaultConfigurationName = Release;
		};
		C6922B7F2B76E29200EBA8CD /* Build configuration list for PBXNativeTarget "Landmarks" */ = {
			isa = XCConfigurationList;
			buildConfigurations = (
				C6922B802B76E29200EBA8CD /* Debug */,
				C6922B812B76E29200EBA8CD /* Release */,
			);
			defaultConfigurationIsVisible = 0;
			defaultConfigurationName = Release;
		};
/* End XCConfigurationList section */
	};
	rootObject = C6922B692B76E29100EBA8CD /* Project object */;
}
